
Microsoft Visual Studio Solution File, Format Version 12.00
# Visual Studio 15
VisualStudioVersion = 15.0.28307.421
MinimumVisualStudioVersion = 10.0.40219.1
Project("{FAE04EC0-301F-11D3-BF4B-00C04F79EFBC}") = "BarcodeScanner.ZBar", "BarcodeScanner.ZBar\BarcodeScanner.ZBar.csproj", "{57B24409-7668-4782-A8C9-700AF52B20D5}"
EndProject
Global
	GlobalSection(SolutionConfigurationPlatforms) = preSolution
		Debug|Any CPU = Debug|Any CPU
		Release|Any CPU = Release|Any CPU
	EndGlobalSection
	GlobalSection(ProjectConfigurationPlatforms) = postSolution
		{57B24409-7668-4782-A8C9-700AF52B20D5}.Debug|Any CPU.ActiveCfg = Debug|Any CPU
		{57B24409-7668-4782-A8C9-700AF52B20D5}.Debug|Any CPU.Build.0 = Debug|Any CPU
		{57B24409-7668-4782-A8C9-700AF52B20D5}.Release|Any CPU.ActiveCfg = Release|Any CPU
		{57B24409-7668-4782-A8C9-700AF52B20D5}.Release|Any CPU.Build.0 = Release|Any CPU
	EndGlobalSection
	GlobalSection(SolutionProperties) = preSolution
		HideSolutionNode = FALSE
	EndGlobalSection
	GlobalSection(ExtensibilityGlobals) = postSolution
		SolutionGuid = {E373D063-A4EB-48D1-80DC-2FEB5952C05E}
	EndGlobalSection
EndGlobal
